
Microsoft Visual Studio Solution File, Format Version 12.00
# Visual Studio Version 17
VisualStudioVersion = 17.9.34728.123
MinimumVisualStudioVersion = 10.0.40219.1
Project("{9A19103F-16F7-4668-BE54-9A1E7A4F7556}") = "Talabat.Apis", "Talabat.Apis\Talabat.Apis.csproj", "{7C6F7492-C010-454A-9233-39443FDD516C}"
EndProject
Project("{9A19103F-16F7-4668-BE54-9A1E7A4F7556}") = "Talabat.Core", "Talabat.Core\Talabat.Core.csproj", "{07824758-1E2C-4D42-946A-11D7CADC11C5}"
EndProject
Project("{9A19103F-16F7-4668-BE54-9A1E7A4F7556}") = "Talabat.Repository", "Talabat.Repository\Talabat.Repository.csproj", "{6F850FB7-15E5-411D-952A-B233FDD9E988}"
EndProject
Project("{9A19103F-16F7-4668-BE54-9A1E7A4F7556}") = "Talabat.Services", "Talabat.Services\Talabat.Services.csproj", "{8714B72E-4C7E-4375-B949-19FD899CDA14}"
EndProject
Project("{2150E333-8FDC-42A3-9474-1A3956D46DE8}") = "Solution Items", "Solution Items", "{CC6DFF15-C8F0-42C6-A2A3-46B6DBF69BEB}"
	ProjectSection(SolutionItems) = preProject
		.editorconfig = .editorconfig
	EndProjectSection
EndProject
Global
	GlobalSection(SolutionConfigurationPlatforms) = preSolution
		Debug|Any CPU = Debug|Any CPU
		Release|Any CPU = Release|Any CPU
	EndGlobalSection
	GlobalSection(ProjectConfigurationPlatforms) = postSolution
		{7C6F7492-C010-454A-9233-39443FDD516C}.Debug|Any CPU.ActiveCfg = Debug|Any CPU
		{7C6F7492-C010-454A-9233-39443FDD516C}.Debug|Any CPU.Build.0 = Debug|Any CPU
		{7C6F7492-C010-454A-9233-39443FDD516C}.Release|Any CPU.ActiveCfg = Release|Any CPU
		{7C6F7492-C010-454A-9233-39443FDD516C}.Release|Any CPU.Build.0 = Release|Any CPU
		{07824758-1E2C-4D42-946A-11D7CADC11C5}.Debug|Any CPU.ActiveCfg = Debug|Any CPU
		{07824758-1E2C-4D42-946A-11D7CADC11C5}.Debug|Any CPU.Build.0 = Debug|Any CPU
		{07824758-1E2C-4D42-946A-11D7CADC11C5}.Release|Any CPU.ActiveCfg = Release|Any CPU
		{07824758-1E2C-4D42-946A-11D7CADC11C5}.Release|Any CPU.Build.0 = Release|Any CPU
		{6F850FB7-15E5-411D-952A-B233FDD9E988}.Debug|Any CPU.ActiveCfg = Debug|Any CPU
		{6F850FB7-15E5-411D-952A-B233FDD9E988}.Debug|Any CPU.Build.0 = Debug|Any CPU
		{6F850FB7-15E5-411D-952A-B233FDD9E988}.Release|Any CPU.ActiveCfg = Release|Any CPU
		{6F850FB7-15E5-411D-952A-B233FDD9E988}.Release|Any CPU.Build.0 = Release|Any CPU
		{8714B72E-4C7E-4375-B949-19FD899CDA14}.Debug|Any CPU.ActiveCfg = Debug|Any CPU
		{8714B72E-4C7E-4375-B949-19FD899CDA14}.Debug|Any CPU.Build.0 = Debug|Any CPU
		{8714B72E-4C7E-4375-B949-19FD899CDA14}.Release|Any CPU.ActiveCfg = Release|Any CPU
		{8714B72E-4C7E-4375-B949-19FD899CDA14}.Release|Any CPU.Build.0 = Release|Any CPU
	EndGlobalSection
	GlobalSection(SolutionProperties) = preSolution
		HideSolutionNode = FALSE
	EndGlobalSection
	GlobalSection(ExtensibilityGlobals) = postSolution
		SolutionGuid = {DF056C1A-282D-49E3-BA81-9472CBB2C6D7}
	EndGlobalSection
EndGlobal
